// !$*UTF8*$!
{
	archiveVersion = 1;
	classes = {
	};
	objectVersion = 50;
	objects = {

/* Begin PBXBuildFile section */
		DE92B7D924D0159E00B8A6E5 /* AppDelegate.swift in Sources */ = {isa = PBXBuildFile; fileRef = DE92B7D824D0159E00B8A6E5 /* AppDelegate.swift */; };
		DE92B7DB24D0159E00B8A6E5 /* SceneDelegate.swift in Sources */ = {isa = PBXBuildFile; fileRef = DE92B7DA24D0159E00B8A6E5 /* SceneDelegate.swift */; };
		DE92B7DD24D0159E00B8A6E5 /* ViewController.swift in Sources */ = {isa = PBXBuildFile; fileRef = DE92B7DC24D0159E00B8A6E5 /* ViewController.swift */; };
		DE92B7E024D0159E00B8A6E5 /* Main.storyboard in Resources */ = {isa = PBXBuildFile; fileRef = DE92B7DE24D0159E00B8A6E5 /* Main.storyboard */; };
		DE92B7E224D015A300B8A6E5 /* Assets.xcassets in Resources */ = {isa = PBXBuildFile; fileRef = DE92B7E124D015A300B8A6E5 /* Assets.xcassets */; };
		DE92B7E524D015A300B8A6E5 /* LaunchScreen.storyboard in Resources */ = {isa = PBXBuildFile; fileRef = DE92B7E324D015A300B8A6E5 /* LaunchScreen.storyboard */; };
		DE92B7F024D015A400B8A6E5 /* YagomSwift5Tests.swift in Sources */ = {isa = PBXBuildFile; fileRef = DE92B7EF24D015A400B8A6E5 /* YagomSwift5Tests.swift */; };
		DE92B7FB24D015A400B8A6E5 /* YagomSwift5UITests.swift in Sources */ = {isa = PBXBuildFile; fileRef = DE92B7FA24D015A400B8A6E5 /* YagomSwift5UITests.swift */; };
/* End PBXBuildFile section */

/* Begin PBXContainerItemProxy section */
		DE92B7EC24D015A400B8A6E5 /* PBXContainerItemProxy */ = {
			isa = PBXContainerItemProxy;
			containerPortal = DE92B7CD24D0159E00B8A6E5 /* Project object */;
			proxyType = 1;
			remoteGlobalIDString = DE92B7D424D0159E00B8A6E5;
			remoteInfo = YagomSwift5;
		};
		DE92B7F724D015A400B8A6E5 /* PBXContainerItemProxy */ = {
			isa = PBXContainerItemProxy;
			containerPortal = DE92B7CD24D0159E00B8A6E5 /* Project object */;
			proxyType = 1;
			remoteGlobalIDString = DE92B7D424D0159E00B8A6E5;
			remoteInfo = YagomSwift5;
		};
/* End PBXContainerItemProxy section */

/* Begin PBXFileReference section */
		8F996B2C24D0212B00510E09 /* YagomSwift5 copy-Info.plist */ = {isa = PBXFileReference; lastKnownFileType = text.plist.xml; name = "YagomSwift5 copy-Info.plist"; path = "/Users/bagjunsang/Desktop/MobileProject/IosWorkSpace/gitHub/SwiftStudy/YagomSwift5/YagomSwift5 copy-Info.plist"; sourceTree = "<absolute>"; };
		8F996B2F24D021A700510E09 /* MyPlayground.playground */ = {isa = PBXFileReference; lastKnownFileType = file.playground; path = MyPlayground.playground; sourceTree = "<group>"; xcLanguageSpecificationIdentifier = xcode.lang.swift; };
		DE21F84724D8DF290092A947 /* Chapter6.playground */ = {isa = PBXFileReference; lastKnownFileType = file.playground; path = Chapter6.playground; sourceTree = "<group>"; xcLanguageSpecificationIdentifier = xcode.lang.swift; };
		DE21F84924D8ED5C0092A947 /* Chapter7.playground */ = {isa = PBXFileReference; lastKnownFileType = file.playground; path = Chapter7.playground; sourceTree = "<group>"; xcLanguageSpecificationIdentifier = xcode.lang.swift; };
		DE21F84B24D8FF400092A947 /* Chapter8.playground */ = {isa = PBXFileReference; lastKnownFileType = file.playground; path = Chapter8.playground; sourceTree = "<group>"; xcLanguageSpecificationIdentifier = xcode.lang.swift; };
		DE21F84D24D9045F0092A947 /* Chapter9.playground */ = {isa = PBXFileReference; lastKnownFileType = file.playground; path = Chapter9.playground; sourceTree = "<group>"; xcLanguageSpecificationIdentifier = xcode.lang.swift; };
		DE21F84F24D926D90092A947 /* Chapter10.playground */ = {isa = PBXFileReference; lastKnownFileType = file.playground; path = Chapter10.playground; sourceTree = "<group>"; xcLanguageSpecificationIdentifier = xcode.lang.swift; };
		DE30810D25391BA000CF1BBC /* Appendix.playground */ = {isa = PBXFileReference; lastKnownFileType = file.playground; path = Appendix.playground; sourceTree = "<group>"; xcLanguageSpecificationIdentifier = xcode.lang.swift; };
		DE697EDD24DA2F2400FBFBEE /* Chapter11.playground */ = {isa = PBXFileReference; lastKnownFileType = file.playground; path = Chapter11.playground; sourceTree = "<group>"; xcLanguageSpecificationIdentifier = xcode.lang.swift; };
		DE697EDF24DA3F6100FBFBEE /* Chapter12.playground */ = {isa = PBXFileReference; lastKnownFileType = file.playground; path = Chapter12.playground; sourceTree = "<group>"; xcLanguageSpecificationIdentifier = xcode.lang.swift; };
		DE697EE124DA4EDF00FBFBEE /* Chapter13.playground */ = {isa = PBXFileReference; lastKnownFileType = file.playground; path = Chapter13.playground; sourceTree = "<group>"; xcLanguageSpecificationIdentifier = xcode.lang.swift; };
		DE697EE324DA887F00FBFBEE /* Chapter14.playground */ = {isa = PBXFileReference; lastKnownFileType = file.playground; path = Chapter14.playground; sourceTree = "<group>"; xcLanguageSpecificationIdentifier = xcode.lang.swift; };
		DE697EE524DB9AED00FBFBEE /* Chapter15.playground */ = {isa = PBXFileReference; lastKnownFileType = file.playground; path = Chapter15.playground; sourceTree = "<group>"; xcLanguageSpecificationIdentifier = xcode.lang.swift; };
		DE697EE724DCDF2500FBFBEE /* Chapter16.playground */ = {isa = PBXFileReference; lastKnownFileType = file.playground; path = Chapter16.playground; sourceTree = "<group>"; xcLanguageSpecificationIdentifier = xcode.lang.swift; };
		DE6B14FC24E286E000EC6AA6 /* Chapter17.playground */ = {isa = PBXFileReference; lastKnownFileType = file.playground; path = Chapter17.playground; sourceTree = "<group>"; xcLanguageSpecificationIdentifier = xcode.lang.swift; };
		DE8AF72624D0FB7A00DE74D4 /* Chapter2.playground */ = {isa = PBXFileReference; lastKnownFileType = file.playground; path = Chapter2.playground; sourceTree = "<group>"; xcLanguageSpecificationIdentifier = xcode.lang.swift; };
		DE8AF72824D1058200DE74D4 /* Chapter3.playground */ = {isa = PBXFileReference; lastKnownFileType = file.playground; path = Chapter3.playground; sourceTree = "<group>"; xcLanguageSpecificationIdentifier = xcode.lang.swift; };
		DE8AF72A24D134F300DE74D4 /* Chapter4.playground */ = {isa = PBXFileReference; lastKnownFileType = file.playground; path = Chapter4.playground; sourceTree = "<group>"; xcLanguageSpecificationIdentifier = xcode.lang.swift; };
		DE8AF72C24D159CB00DE74D4 /* Chapter5.playground */ = {isa = PBXFileReference; lastKnownFileType = file.playground; path = Chapter5.playground; sourceTree = "<group>"; xcLanguageSpecificationIdentifier = xcode.lang.swift; };
		DE92B7D524D0159E00B8A6E5 /* YagomSwift5.app */ = {isa = PBXFileReference; explicitFileType = wrapper.application; includeInIndex = 0; path = YagomSwift5.app; sourceTree = BUILT_PRODUCTS_DIR; };
		DE92B7D824D0159E00B8A6E5 /* AppDelegate.swift */ = {isa = PBXFileReference; lastKnownFileType = sourcecode.swift; path = AppDelegate.swift; sourceTree = "<group>"; };
		DE92B7DA24D0159E00B8A6E5 /* SceneDelegate.swift */ = {isa = PBXFileReference; lastKnownFileType = sourcecode.swift; path = SceneDelegate.swift; sourceTree = "<group>"; };
		DE92B7DC24D0159E00B8A6E5 /* ViewController.swift */ = {isa = PBXFileReference; lastKnownFileType = sourcecode.swift; path = ViewController.swift; sourceTree = "<group>"; };
		DE92B7DF24D0159E00B8A6E5 /* Base */ = {isa = PBXFileReference; lastKnownFileType = file.storyboard; name = Base; path = Base.lproj/Main.storyboard; sourceTree = "<group>"; };
		DE92B7E124D015A300B8A6E5 /* Assets.xcassets */ = {isa = PBXFileReference; lastKnownFileType = folder.assetcatalog; path = Assets.xcassets; sourceTree = "<group>"; };
		DE92B7E424D015A300B8A6E5 /* Base */ = {isa = PBXFileReference; lastKnownFileType = file.storyboard; name = Base; path = Base.lproj/LaunchScreen.storyboard; sourceTree = "<group>"; };
		DE92B7E624D015A300B8A6E5 /* Info.plist */ = {isa = PBXFileReference; lastKnownFileType = text.plist.xml; path = Info.plist; sourceTree = "<group>"; };
		DE92B7EB24D015A400B8A6E5 /* YagomSwift5Tests.xctest */ = {isa = PBXFileReference; explicitFileType = wrapper.cfbundle; includeInIndex = 0; path = YagomSwift5Tests.xctest; sourceTree = BUILT_PRODUCTS_DIR; };
		DE92B7EF24D015A400B8A6E5 /* YagomSwift5Tests.swift */ = {isa = PBXFileReference; lastKnownFileType = sourcecode.swift; path = YagomSwift5Tests.swift; sourceTree = "<group>"; };
		DE92B7F124D015A400B8A6E5 /* Info.plist */ = {isa = PBXFileReference; lastKnownFileType = text.plist.xml; path = Info.plist; sourceTree = "<group>"; };
		DE92B7F624D015A400B8A6E5 /* YagomSwift5UITests.xctest */ = {isa = PBXFileReference; explicitFileType = wrapper.cfbundle; includeInIndex = 0; path = YagomSwift5UITests.xctest; sourceTree = BUILT_PRODUCTS_DIR; };
		DE92B7FA24D015A400B8A6E5 /* YagomSwift5UITests.swift */ = {isa = PBXFileReference; lastKnownFileType = sourcecode.swift; path = YagomSwift5UITests.swift; sourceTree = "<group>"; };
		DE92B7FC24D015A400B8A6E5 /* Info.plist */ = {isa = PBXFileReference; lastKnownFileType = text.plist.xml; path = Info.plist; sourceTree = "<group>"; };
		DEA380F725356D9C00A28E9C /* Chapter19.playground */ = {isa = PBXFileReference; lastKnownFileType = file.playground; path = Chapter19.playground; sourceTree = "<group>"; xcLanguageSpecificationIdentifier = xcode.lang.swift; };
		DEA38100253582D700A28E9C /* Chapter20.playground */ = {isa = PBXFileReference; lastKnownFileType = file.playground; path = Chapter20.playground; sourceTree = "<group>"; xcLanguageSpecificationIdentifier = xcode.lang.swift; };
		DEA3810825367C9700A28E9C /* Chapter21.playground */ = {isa = PBXFileReference; lastKnownFileType = file.playground; path = Chapter21.playground; sourceTree = "<group>"; xcLanguageSpecificationIdentifier = xcode.lang.swift; };
		DEA3810D2536930100A28E9C /* Chapter22.playground */ = {isa = PBXFileReference; lastKnownFileType = file.playground; path = Chapter22.playground; sourceTree = "<group>"; xcLanguageSpecificationIdentifier = xcode.lang.swift; };
		DEA381122536B6A200A28E9C /* Chapter23.playground */ = {isa = PBXFileReference; lastKnownFileType = file.playground; path = Chapter23.playground; sourceTree = "<group>"; xcLanguageSpecificationIdentifier = xcode.lang.swift; };
		DEA3811A2536D08300A28E9C /* Chapter24.playground */ = {isa = PBXFileReference; lastKnownFileType = file.playground; path = Chapter24.playground; sourceTree = "<group>"; xcLanguageSpecificationIdentifier = xcode.lang.swift; };
		DEA3811F2536D98B00A28E9C /* Chapter25.playground */ = {isa = PBXFileReference; lastKnownFileType = file.playground; path = Chapter25.playground; sourceTree = "<group>"; xcLanguageSpecificationIdentifier = xcode.lang.swift; };
		DEA381272537CE4D00A28E9C /* Chapter26.playground */ = {isa = PBXFileReference; lastKnownFileType = file.playground; path = Chapter26.playground; sourceTree = "<group>"; xcLanguageSpecificationIdentifier = xcode.lang.swift; };
		DEA3812C2537E51E00A28E9C /* Chapter27.playground */ = {isa = PBXFileReference; lastKnownFileType = file.playground; path = Chapter27.playground; sourceTree = "<group>"; xcLanguageSpecificationIdentifier = xcode.lang.swift; };
		DEA3813125380FBC00A28E9C /* Chapter28.playground */ = {isa = PBXFileReference; lastKnownFileType = file.playground; path = Chapter28.playground; sourceTree = "<group>"; xcLanguageSpecificationIdentifier = xcode.lang.swift; };
		DEA3813625382D3000A28E9C /* Chapter29.playground */ = {isa = PBXFileReference; lastKnownFileType = file.playground; path = Chapter29.playground; sourceTree = "<group>"; xcLanguageSpecificationIdentifier = xcode.lang.swift; };
		DEA3813C2538352E00A28E9C /* Chapter30.playground */ = {isa = PBXFileReference; lastKnownFileType = file.playground; path = Chapter30.playground; sourceTree = "<group>"; xcLanguageSpecificationIdentifier = xcode.lang.swift; };
		DEBA24C924E28EAF00CFCC11 /* Chapter18.playground */ = {isa = PBXFileReference; lastKnownFileType = file.playground; path = Chapter18.playground; sourceTree = "<group>"; xcLanguageSpecificationIdentifier = xcode.lang.swift; };
/* End PBXFileReference section */

/* Begin PBXFrameworksBuildPhase section */
		DE92B7D224D0159E00B8A6E5 /* Frameworks */ = {
			isa = PBXFrameworksBuildPhase;
			buildActionMask = 2147483647;
			files = (
			);
			runOnlyForDeploymentPostprocessing = 0;
		};
		DE92B7E824D015A400B8A6E5 /* Frameworks */ = {
			isa = PBXFrameworksBuildPhase;
			buildActionMask = 2147483647;
			files = (
			);
			runOnlyForDeploymentPostprocessing = 0;
		};
		DE92B7F324D015A400B8A6E5 /* Frameworks */ = {
			isa = PBXFrameworksBuildPhase;
			buildActionMask = 2147483647;
			files = (
			);
			runOnlyForDeploymentPostprocessing = 0;
		};
/* End PBXFrameworksBuildPhase section */

/* Begin PBXGroup section */
		8F996B2D24D0218A00510E09 /* parkJoonSang */ = {
			isa = PBXGroup;
			children = (
				8F996B2E24D0219300510E09 /* Chapter1 */,
			);
			path = parkJoonSang;
			sourceTree = "<group>";
		};
		8F996B2E24D0219300510E09 /* Chapter1 */ = {
			isa = PBXGroup;
			children = (
				8F996B2F24D021A700510E09 /* MyPlayground.playground */,
			);
			path = Chapter1;
			sourceTree = "<group>";
		};
		DE21F84624D8DF0D0092A947 /* Chapter6 */ = {
			isa = PBXGroup;
			children = (
				DE21F84724D8DF290092A947 /* Chapter6.playground */,
			);
			path = Chapter6;
			sourceTree = "<group>";
		};
		DE21F84824D8ED4D0092A947 /* Chapter7 */ = {
			isa = PBXGroup;
			children = (
				DE21F84924D8ED5C0092A947 /* Chapter7.playground */,
			);
			path = Chapter7;
			sourceTree = "<group>";
		};
		DE21F84A24D8FF150092A947 /* Chapter8 */ = {
			isa = PBXGroup;
			children = (
				DE21F84B24D8FF400092A947 /* Chapter8.playground */,
			);
			path = Chapter8;
			sourceTree = "<group>";
		};
		DE21F84C24D904510092A947 /* Chapter9 */ = {
			isa = PBXGroup;
			children = (
				DE21F84D24D9045F0092A947 /* Chapter9.playground */,
			);
			path = Chapter9;
			sourceTree = "<group>";
		};
		DE21F84E24D926CB0092A947 /* Chapter10 */ = {
			isa = PBXGroup;
			children = (
				DE21F84F24D926D90092A947 /* Chapter10.playground */,
			);
			path = Chapter10;
			sourceTree = "<group>";
		};
		DE30810C25391B8100CF1BBC /* Appendix */ = {
			isa = PBXGroup;
			children = (
				DE30810D25391BA000CF1BBC /* Appendix.playground */,
			);
			path = Appendix;
			sourceTree = "<group>";
		};
		DE697EDC24DA2F0900FBFBEE /* Chapter11 */ = {
			isa = PBXGroup;
			children = (
				DE697EDD24DA2F2400FBFBEE /* Chapter11.playground */,
			);
			path = Chapter11;
			sourceTree = "<group>";
		};
		DE697EDE24DA3F4E00FBFBEE /* Chapter12 */ = {
			isa = PBXGroup;
			children = (
				DE697EDF24DA3F6100FBFBEE /* Chapter12.playground */,
			);
			path = Chapter12;
			sourceTree = "<group>";
		};
		DE697EE024DA4ECF00FBFBEE /* Chapter13 */ = {
			isa = PBXGroup;
			children = (
				DE697EE124DA4EDF00FBFBEE /* Chapter13.playground */,
			);
			path = Chapter13;
			sourceTree = "<group>";
		};
		DE697EE224DA886C00FBFBEE /* Chapter14 */ = {
			isa = PBXGroup;
			children = (
				DE697EE324DA887F00FBFBEE /* Chapter14.playground */,
			);
			path = Chapter14;
			sourceTree = "<group>";
		};
		DE697EE424DB9ADB00FBFBEE /* Chapter15 */ = {
			isa = PBXGroup;
			children = (
				DE697EE524DB9AED00FBFBEE /* Chapter15.playground */,
			);
			path = Chapter15;
			sourceTree = "<group>";
		};
		DE697EE624DCDF0D00FBFBEE /* Chapter16 */ = {
			isa = PBXGroup;
			children = (
				DE697EE724DCDF2500FBFBEE /* Chapter16.playground */,
			);
			path = Chapter16;
			sourceTree = "<group>";
		};
		DE6B14FB24E286CC00EC6AA6 /* Chapter17 */ = {
			isa = PBXGroup;
			children = (
				DE6B14FC24E286E000EC6AA6 /* Chapter17.playground */,
			);
			path = Chapter17;
			sourceTree = "<group>";
		};
		DE8AF72224D0F91800DE74D4 /* CJH */ = {
			isa = PBXGroup;
			children = (
				DE30810C25391B8100CF1BBC /* Appendix */,
				DEA3813A2538351600A28E9C /* Chapter30 */,
				DEA3813525382D1F00A28E9C /* Chapter29 */,
				DEA3813025380FAC00A28E9C /* Chapter28 */,
				DEA3812B2537E50D00A28E9C /* Chapter27 */,
				DEA381262537CE3D00A28E9C /* Chapter26 */,
				DEA3811E2536D97900A28E9C /* Chapter25 */,
				DEA381192536D07100A28E9C /* Chapter24 */,
				DEA381112536B68C00A28E9C /* Chapter23 */,
				DEA3810C253692EC00A28E9C /* Chapter22 */,
				DEA3810725367C7E00A28E9C /* Chapter21 */,
				DEA380FF253582C200A28E9C /* Chapter20 */,
				DEA380F625356D7100A28E9C /* Chapter19 */,
				DE931E5424EB5735004E6CA4 /* Chapter18 */,
				DE6B14FB24E286CC00EC6AA6 /* Chapter17 */,
				DE697EE624DCDF0D00FBFBEE /* Chapter16 */,
				DE697EE424DB9ADB00FBFBEE /* Chapter15 */,
				DE697EE224DA886C00FBFBEE /* Chapter14 */,
				DE697EE024DA4ECF00FBFBEE /* Chapter13 */,
				DE697EDE24DA3F4E00FBFBEE /* Chapter12 */,
				DE697EDC24DA2F0900FBFBEE /* Chapter11 */,
				DE21F84E24D926CB0092A947 /* Chapter10 */,
				DE21F84C24D904510092A947 /* Chapter9 */,
				DE21F84A24D8FF150092A947 /* Chapter8 */,
				DE21F84824D8ED4D0092A947 /* Chapter7 */,
				DE21F84624D8DF0D0092A947 /* Chapter6 */,
				DE8AF72B24D159B900DE74D4 /* Chapter5 */,
				DE8AF72924D134DF00DE74D4 /* Chapter4 */,
				DE8AF72724D1057000DE74D4 /* Chapter3 */,
				DE8AF72524D0FB2000DE74D4 /* Chapter2 */,
				DE8AF72324D0FACE00DE74D4 /* Chapter1 */,
			);
			path = CJH;
			sourceTree = "<group>";
		};
		DE8AF72324D0FACE00DE74D4 /* Chapter1 */ = {
			isa = PBXGroup;
			children = (
			);
			path = Chapter1;
			sourceTree = "<group>";
		};
		DE8AF72524D0FB2000DE74D4 /* Chapter2 */ = {
			isa = PBXGroup;
			children = (
				DE8AF72624D0FB7A00DE74D4 /* Chapter2.playground */,
			);
			path = Chapter2;
			sourceTree = "<group>";
		};
		DE8AF72724D1057000DE74D4 /* Chapter3 */ = {
			isa = PBXGroup;
			children = (
				DE8AF72824D1058200DE74D4 /* Chapter3.playground */,
			);
			path = Chapter3;
			sourceTree = "<group>";
		};
		DE8AF72924D134DF00DE74D4 /* Chapter4 */ = {
			isa = PBXGroup;
			children = (
				DE8AF72A24D134F300DE74D4 /* Chapter4.playground */,
			);
			path = Chapter4;
			sourceTree = "<group>";
		};
		DE8AF72B24D159B900DE74D4 /* Chapter5 */ = {
			isa = PBXGroup;
			children = (
				DE8AF72C24D159CB00DE74D4 /* Chapter5.playground */,
			);
			path = Chapter5;
			sourceTree = "<group>";
		};
		DE92B7CC24D0159E00B8A6E5 = {
			isa = PBXGroup;
			children = (
				DE92B7D724D0159E00B8A6E5 /* YagomSwift5 */,
				DE92B7EE24D015A400B8A6E5 /* YagomSwift5Tests */,
				DE92B7F924D015A400B8A6E5 /* YagomSwift5UITests */,
				DE92B7D624D0159E00B8A6E5 /* Products */,
				8F996B2C24D0212B00510E09 /* YagomSwift5 copy-Info.plist */,
			);
			sourceTree = "<group>";
		};
		DE92B7D624D0159E00B8A6E5 /* Products */ = {
			isa = PBXGroup;
			children = (
				DE92B7D524D0159E00B8A6E5 /* YagomSwift5.app */,
				DE92B7EB24D015A400B8A6E5 /* YagomSwift5Tests.xctest */,
				DE92B7F624D015A400B8A6E5 /* YagomSwift5UITests.xctest */,
			);
			name = Products;
			sourceTree = "<group>";
		};
		DE92B7D724D0159E00B8A6E5 /* YagomSwift5 */ = {
			isa = PBXGroup;
			children = (
				DE8AF72224D0F91800DE74D4 /* CJH */,
				8F996B2D24D0218A00510E09 /* parkJoonSang */,
				DE92B7D824D0159E00B8A6E5 /* AppDelegate.swift */,
				DE92B7DA24D0159E00B8A6E5 /* SceneDelegate.swift */,
				DE92B7DC24D0159E00B8A6E5 /* ViewController.swift */,
				DE92B7DE24D0159E00B8A6E5 /* Main.storyboard */,
				DE92B7E124D015A300B8A6E5 /* Assets.xcassets */,
				DE92B7E324D015A300B8A6E5 /* LaunchScreen.storyboard */,
				DE92B7E624D015A300B8A6E5 /* Info.plist */,
			);
			path = YagomSwift5;
			sourceTree = "<group>";
		};
		DE92B7EE24D015A400B8A6E5 /* YagomSwift5Tests */ = {
			isa = PBXGroup;
			children = (
				DE92B7EF24D015A400B8A6E5 /* YagomSwift5Tests.swift */,
				DE92B7F124D015A400B8A6E5 /* Info.plist */,
			);
			path = YagomSwift5Tests;
			sourceTree = "<group>";
		};
		DE92B7F924D015A400B8A6E5 /* YagomSwift5UITests */ = {
			isa = PBXGroup;
			children = (
				DE92B7FA24D015A400B8A6E5 /* YagomSwift5UITests.swift */,
				DE92B7FC24D015A400B8A6E5 /* Info.plist */,
			);
			path = YagomSwift5UITests;
			sourceTree = "<group>";
		};
		DE931E5424EB5735004E6CA4 /* Chapter18 */ = {
			isa = PBXGroup;
			children = (
				DEBA24C924E28EAF00CFCC11 /* Chapter18.playground */,
			);
			path = Chapter18;
			sourceTree = "<group>";
		};
		DEA380F625356D7100A28E9C /* Chapter19 */ = {
			isa = PBXGroup;
			children = (
				DEA380F725356D9C00A28E9C /* Chapter19.playground */,
			);
			path = Chapter19;
			sourceTree = "<group>";
		};
		DEA380FF253582C200A28E9C /* Chapter20 */ = {
			isa = PBXGroup;
			children = (
				DEA38100253582D700A28E9C /* Chapter20.playground */,
			);
			path = Chapter20;
			sourceTree = "<group>";
		};
		DEA3810725367C7E00A28E9C /* Chapter21 */ = {
			isa = PBXGroup;
			children = (
				DEA3810825367C9700A28E9C /* Chapter21.playground */,
			);
			path = Chapter21;
			sourceTree = "<group>";
		};
		DEA3810C253692EC00A28E9C /* Chapter22 */ = {
			isa = PBXGroup;
			children = (
				DEA3810D2536930100A28E9C /* Chapter22.playground */,
			);
			path = Chapter22;
			sourceTree = "<group>";
		};
		DEA381112536B68C00A28E9C /* Chapter23 */ = {
			isa = PBXGroup;
			children = (
				DEA381122536B6A200A28E9C /* Chapter23.playground */,
			);
			path = Chapter23;
			sourceTree = "<group>";
		};
		DEA381192536D07100A28E9C /* Chapter24 */ = {
			isa = PBXGroup;
			children = (
				DEA3811A2536D08300A28E9C /* Chapter24.playground */,
			);
			path = Chapter24;
			sourceTree = "<group>";
		};
		DEA3811E2536D97900A28E9C /* Chapter25 */ = {
			isa = PBXGroup;
			children = (
				DEA3811F2536D98B00A28E9C /* Chapter25.playground */,
			);
			path = Chapter25;
			sourceTree = "<group>";
		};
		DEA381262537CE3D00A28E9C /* Chapter26 */ = {
			isa = PBXGroup;
			children = (
				DEA381272537CE4D00A28E9C /* Chapter26.playground */,
			);
			path = Chapter26;
			sourceTree = "<group>";
		};
		DEA3812B2537E50D00A28E9C /* Chapter27 */ = {
			isa = PBXGroup;
			children = (
				DEA3812C2537E51E00A28E9C /* Chapter27.playground */,
			);
			path = Chapter27;
			sourceTree = "<group>";
		};
		DEA3813025380FAC00A28E9C /* Chapter28 */ = {
			isa = PBXGroup;
			children = (
				DEA3813125380FBC00A28E9C /* Chapter28.playground */,
			);
			path = Chapter28;
			sourceTree = "<group>";
		};
		DEA3813525382D1F00A28E9C /* Chapter29 */ = {
			isa = PBXGroup;
			children = (
				DEA3813625382D3000A28E9C /* Chapter29.playground */,
			);
			path = Chapter29;
			sourceTree = "<group>";
		};
		DEA3813A2538351600A28E9C /* Chapter30 */ = {
			isa = PBXGroup;
			children = (
				DEA3813C2538352E00A28E9C /* Chapter30.playground */,
			);
			path = Chapter30;
			sourceTree = "<group>";
		};
/* End PBXGroup section */

/* Begin PBXNativeTarget section */
		DE92B7D424D0159E00B8A6E5 /* YagomSwift5 */ = {
			isa = PBXNativeTarget;
			buildConfigurationList = DE92B7FF24D015A400B8A6E5 /* Build configuration list for PBXNativeTarget "YagomSwift5" */;
			buildPhases = (
				DE92B7D124D0159E00B8A6E5 /* Sources */,
				DE92B7D224D0159E00B8A6E5 /* Frameworks */,
				DE92B7D324D0159E00B8A6E5 /* Resources */,
			);
			buildRules = (
			);
			dependencies = (
			);
			name = YagomSwift5;
			productName = YagomSwift5;
			productReference = DE92B7D524D0159E00B8A6E5 /* YagomSwift5.app */;
			productType = "com.apple.product-type.application";
		};
		DE92B7EA24D015A400B8A6E5 /* YagomSwift5Tests */ = {
			isa = PBXNativeTarget;
			buildConfigurationList = DE92B80224D015A400B8A6E5 /* Build configuration list for PBXNativeTarget "YagomSwift5Tests" */;
			buildPhases = (
				DE92B7E724D015A400B8A6E5 /* Sources */,
				DE92B7E824D015A400B8A6E5 /* Frameworks */,
				DE92B7E924D015A400B8A6E5 /* Resources */,
			);
			buildRules = (
			);
			dependencies = (
				DE92B7ED24D015A400B8A6E5 /* PBXTargetDependency */,
			);
			name = YagomSwift5Tests;
			productName = YagomSwift5Tests;
			productReference = DE92B7EB24D015A400B8A6E5 /* YagomSwift5Tests.xctest */;
			productType = "com.apple.product-type.bundle.unit-test";
		};
		DE92B7F524D015A400B8A6E5 /* YagomSwift5UITests */ = {
			isa = PBXNativeTarget;
			buildConfigurationList = DE92B80524D015A400B8A6E5 /* Build configuration list for PBXNativeTarget "YagomSwift5UITests" */;
			buildPhases = (
				DE92B7F224D015A400B8A6E5 /* Sources */,
				DE92B7F324D015A400B8A6E5 /* Frameworks */,
				DE92B7F424D015A400B8A6E5 /* Resources */,
			);
			buildRules = (
			);
			dependencies = (
				DE92B7F824D015A400B8A6E5 /* PBXTargetDependency */,
			);
			name = YagomSwift5UITests;
			productName = YagomSwift5UITests;
			productReference = DE92B7F624D015A400B8A6E5 /* YagomSwift5UITests.xctest */;
			productType = "com.apple.product-type.bundle.ui-testing";
		};
/* End PBXNativeTarget section */

/* Begin PBXProject section */
		DE92B7CD24D0159E00B8A6E5 /* Project object */ = {
			isa = PBXProject;
			attributes = {
				LastSwiftUpdateCheck = 1160;
				LastUpgradeCheck = 1160;
				ORGANIZATIONNAME = "최제환";
				TargetAttributes = {
					DE92B7D424D0159E00B8A6E5 = {
						CreatedOnToolsVersion = 11.6;
					};
					DE92B7EA24D015A400B8A6E5 = {
						CreatedOnToolsVersion = 11.6;
						TestTargetID = DE92B7D424D0159E00B8A6E5;
					};
					DE92B7F524D015A400B8A6E5 = {
						CreatedOnToolsVersion = 11.6;
						TestTargetID = DE92B7D424D0159E00B8A6E5;
					};
				};
			};
			buildConfigurationList = DE92B7D024D0159E00B8A6E5 /* Build configuration list for PBXProject "YagomSwift5" */;
			compatibilityVersion = "Xcode 9.3";
			developmentRegion = en;
			hasScannedForEncodings = 0;
			knownRegions = (
				en,
				Base,
			);
			mainGroup = DE92B7CC24D0159E00B8A6E5;
			productRefGroup = DE92B7D624D0159E00B8A6E5 /* Products */;
			projectDirPath = "";
			projectRoot = "";
			targets = (
				DE92B7D424D0159E00B8A6E5 /* YagomSwift5 */,
				DE92B7EA24D015A400B8A6E5 /* YagomSwift5Tests */,
				DE92B7F524D015A400B8A6E5 /* YagomSwift5UITests */,
			);
		};
/* End PBXProject section */

/* Begin PBXResourcesBuildPhase section */
		DE92B7D324D0159E00B8A6E5 /* Resources */ = {
			isa = PBXResourcesBuildPhase;
			buildActionMask = 2147483647;
			files = (
				DE92B7E524D015A300B8A6E5 /* LaunchScreen.storyboard in Resources */,
				DE92B7E224D015A300B8A6E5 /* Assets.xcassets in Resources */,
				DE92B7E024D0159E00B8A6E5 /* Main.storyboard in Resources */,
			);
			runOnlyForDeploymentPostprocessing = 0;
		};
		DE92B7E924D015A400B8A6E5 /* Resources */ = {
			isa = PBXResourcesBuildPhase;
			buildActionMask = 2147483647;
			files = (
			);
			runOnlyForDeploymentPostprocessing = 0;
		};
		DE92B7F424D015A400B8A6E5 /* Resources */ = {
			isa = PBXResourcesBuildPhase;
			buildActionMask = 2147483647;
			files = (
			);
			runOnlyForDeploymentPostprocessing = 0;
		};
/* End PBXResourcesBuildPhase section */

/* Begin PBXSourcesBuildPhase section */
		DE92B7D124D0159E00B8A6E5 /* Sources */ = {
			isa = PBXSourcesBuildPhase;
			buildActionMask = 2147483647;
			files = (
				DE92B7DD24D0159E00B8A6E5 /* ViewController.swift in Sources */,
				DE92B7D924D0159E00B8A6E5 /* AppDelegate.swift in Sources */,
				DE92B7DB24D0159E00B8A6E5 /* SceneDelegate.swift in Sources */,
			);
			runOnlyForDeploymentPostprocessing = 0;
		};
		DE92B7E724D015A400B8A6E5 /* Sources */ = {
			isa = PBXSourcesBuildPhase;
			buildActionMask = 2147483647;
			files = (
				DE92B7F024D015A400B8A6E5 /* YagomSwift5Tests.swift in Sources */,
			);
			runOnlyForDeploymentPostprocessing = 0;
		};
		DE92B7F224D015A400B8A6E5 /* Sources */ = {
			isa = PBXSourcesBuildPhase;
			buildActionMask = 2147483647;
			files = (
				DE92B7FB24D015A400B8A6E5 /* YagomSwift5UITests.swift in Sources */,
			);
			runOnlyForDeploymentPostprocessing = 0;
		};
/* End PBXSourcesBuildPhase section */

/* Begin PBXTargetDependency section */
		DE92B7ED24D015A400B8A6E5 /* PBXTargetDependency */ = {
			isa = PBXTargetDependency;
			target = DE92B7D424D0159E00B8A6E5 /* YagomSwift5 */;
			targetProxy = DE92B7EC24D015A400B8A6E5 /* PBXContainerItemProxy */;
		};
		DE92B7F824D015A400B8A6E5 /* PBXTargetDependency */ = {
			isa = PBXTargetDependency;
			target = DE92B7D424D0159E00B8A6E5 /* YagomSwift5 */;
			targetProxy = DE92B7F724D015A400B8A6E5 /* PBXContainerItemProxy */;
		};
/* End PBXTargetDependency section */

/* Begin PBXVariantGroup section */
		DE92B7DE24D0159E00B8A6E5 /* Main.storyboard */ = {
			isa = PBXVariantGroup;
			children = (
				DE92B7DF24D0159E00B8A6E5 /* Base */,
			);
			name = Main.storyboard;
			sourceTree = "<group>";
		};
		DE92B7E324D015A300B8A6E5 /* LaunchScreen.storyboard */ = {
			isa = PBXVariantGroup;
			children = (
				DE92B7E424D015A300B8A6E5 /* Base */,
			);
			name = LaunchScreen.storyboard;
			sourceTree = "<group>";
		};
/* End PBXVariantGroup section */

/* Begin XCBuildConfiguration section */
		DE92B7FD24D015A400B8A6E5 /* Debug */ = {
			isa = XCBuildConfiguration;
			buildSettings = {
				ALWAYS_SEARCH_USER_PATHS = NO;
				CLANG_ANALYZER_NONNULL = YES;
				CLANG_ANALYZER_NUMBER_OBJECT_CONVERSION = YES_AGGRESSIVE;
				CLANG_CXX_LANGUAGE_STANDARD = "gnu++14";
				CLANG_CXX_LIBRARY = "libc++";
				CLANG_ENABLE_MODULES = YES;
				CLANG_ENABLE_OBJC_ARC = YES;
				CLANG_ENABLE_OBJC_WEAK = YES;
				CLANG_WARN_BLOCK_CAPTURE_AUTORELEASING = YES;
				CLANG_WARN_BOOL_CONVERSION = YES;
				CLANG_WARN_COMMA = YES;
				CLANG_WARN_CONSTANT_CONVERSION = YES;
				CLANG_WARN_DEPRECATED_OBJC_IMPLEMENTATIONS = YES;
				CLANG_WARN_DIRECT_OBJC_ISA_USAGE = YES_ERROR;
				CLANG_WARN_DOCUMENTATION_COMMENTS = YES;
				CLANG_WARN_EMPTY_BODY = YES;
				CLANG_WARN_ENUM_CONVERSION = YES;
				CLANG_WARN_INFINITE_RECURSION = YES;
				CLANG_WARN_INT_CONVERSION = YES;
				CLANG_WARN_NON_LITERAL_NULL_CONVERSION = YES;
				CLANG_WARN_OBJC_IMPLICIT_RETAIN_SELF = YES;
				CLANG_WARN_OBJC_LITERAL_CONVERSION = YES;
				CLANG_WARN_OBJC_ROOT_CLASS = YES_ERROR;
				CLANG_WARN_RANGE_LOOP_ANALYSIS = YES;
				CLANG_WARN_STRICT_PROTOTYPES = YES;
				CLANG_WARN_SUSPICIOUS_MOVE = YES;
				CLANG_WARN_UNGUARDED_AVAILABILITY = YES_AGGRESSIVE;
				CLANG_WARN_UNREACHABLE_CODE = YES;
				CLANG_WARN__DUPLICATE_METHOD_MATCH = YES;
				COPY_PHASE_STRIP = NO;
				DEBUG_INFORMATION_FORMAT = dwarf;
				ENABLE_STRICT_OBJC_MSGSEND = YES;
				ENABLE_TESTABILITY = YES;
				GCC_C_LANGUAGE_STANDARD = gnu11;
				GCC_DYNAMIC_NO_PIC = NO;
				GCC_NO_COMMON_BLOCKS = YES;
				GCC_OPTIMIZATION_LEVEL = 0;
				GCC_PREPROCESSOR_DEFINITIONS = (
					"DEBUG=1",
					"$(inherited)",
				);
				GCC_WARN_64_TO_32_BIT_CONVERSION = YES;
				GCC_WARN_ABOUT_RETURN_TYPE = YES_ERROR;
				GCC_WARN_UNDECLARED_SELECTOR = YES;
				GCC_WARN_UNINITIALIZED_AUTOS = YES_AGGRESSIVE;
				GCC_WARN_UNUSED_FUNCTION = YES;
				GCC_WARN_UNUSED_VARIABLE = YES;
				IPHONEOS_DEPLOYMENT_TARGET = 13.0;
				MTL_ENABLE_DEBUG_INFO = INCLUDE_SOURCE;
				MTL_FAST_MATH = YES;
				ONLY_ACTIVE_ARCH = YES;
				SDKROOT = iphoneos;
				SWIFT_ACTIVE_COMPILATION_CONDITIONS = DEBUG;
				SWIFT_OPTIMIZATION_LEVEL = "-Onone";
			};
			name = Debug;
		};
		DE92B7FE24D015A400B8A6E5 /* Release */ = {
			isa = XCBuildConfiguration;
			buildSettings = {
				ALWAYS_SEARCH_USER_PATHS = NO;
				CLANG_ANALYZER_NONNULL = YES;
				CLANG_ANALYZER_NUMBER_OBJECT_CONVERSION = YES_AGGRESSIVE;
				CLANG_CXX_LANGUAGE_STANDARD = "gnu++14";
				CLANG_CXX_LIBRARY = "libc++";
				CLANG_ENABLE_MODULES = YES;
				CLANG_ENABLE_OBJC_ARC = YES;
				CLANG_ENABLE_OBJC_WEAK = YES;
				CLANG_WARN_BLOCK_CAPTURE_AUTORELEASING = YES;
				CLANG_WARN_BOOL_CONVERSION = YES;
				CLANG_WARN_COMMA = YES;
				CLANG_WARN_CONSTANT_CONVERSION = YES;
				CLANG_WARN_DEPRECATED_OBJC_IMPLEMENTATIONS = YES;
				CLANG_WARN_DIRECT_OBJC_ISA_USAGE = YES_ERROR;
				CLANG_WARN_DOCUMENTATION_COMMENTS = YES;
				CLANG_WARN_EMPTY_BODY = YES;
				CLANG_WARN_ENUM_CONVERSION = YES;
				CLANG_WARN_INFINITE_RECURSION = YES;
				CLANG_WARN_INT_CONVERSION = YES;
				CLANG_WARN_NON_LITERAL_NULL_CONVERSION = YES;
				CLANG_WARN_OBJC_IMPLICIT_RETAIN_SELF = YES;
				CLANG_WARN_OBJC_LITERAL_CONVERSION = YES;
				CLANG_WARN_OBJC_ROOT_CLASS = YES_ERROR;
				CLANG_WARN_RANGE_LOOP_ANALYSIS = YES;
				CLANG_WARN_STRICT_PROTOTYPES = YES;
				CLANG_WARN_SUSPICIOUS_MOVE = YES;
				CLANG_WARN_UNGUARDED_AVAILABILITY = YES_AGGRESSIVE;
				CLANG_WARN_UNREACHABLE_CODE = YES;
				CLANG_WARN__DUPLICATE_METHOD_MATCH = YES;
				COPY_PHASE_STRIP = NO;
				DEBUG_INFORMATION_FORMAT = "dwarf-with-dsym";
				ENABLE_NS_ASSERTIONS = NO;
				ENABLE_STRICT_OBJC_MSGSEND = YES;
				GCC_C_LANGUAGE_STANDARD = gnu11;
				GCC_NO_COMMON_BLOCKS = YES;
				GCC_WARN_64_TO_32_BIT_CONVERSION = YES;
				GCC_WARN_ABOUT_RETURN_TYPE = YES_ERROR;
				GCC_WARN_UNDECLARED_SELECTOR = YES;
				GCC_WARN_UNINITIALIZED_AUTOS = YES_AGGRESSIVE;
				GCC_WARN_UNUSED_FUNCTION = YES;
				GCC_WARN_UNUSED_VARIABLE = YES;
				IPHONEOS_DEPLOYMENT_TARGET = 13.0;
				MTL_ENABLE_DEBUG_INFO = NO;
				MTL_FAST_MATH = YES;
				SDKROOT = iphoneos;
				SWIFT_COMPILATION_MODE = wholemodule;
				SWIFT_OPTIMIZATION_LEVEL = "-O";
				VALIDATE_PRODUCT = YES;
			};
			name = Release;
		};
		DE92B80024D015A400B8A6E5 /* Debug */ = {
			isa = XCBuildConfiguration;
			buildSettings = {
				ASSETCATALOG_COMPILER_APPICON_NAME = AppIcon;
				CODE_SIGN_STYLE = Automatic;
				DEVELOPMENT_TEAM = FF4F6NQNDX;
				INFOPLIST_FILE = YagomSwift5/Info.plist;
				LD_RUNPATH_SEARCH_PATHS = (
					"$(inherited)",
					"@executable_path/Frameworks",
				);
				PRODUCT_BUNDLE_IDENTIFIER = choi.Ex.YagomSwift5;
				PRODUCT_NAME = "$(TARGET_NAME)";
				SWIFT_VERSION = 5.0;
				TARGETED_DEVICE_FAMILY = "1,2";
			};
			name = Debug;
		};
		DE92B80124D015A400B8A6E5 /* Release */ = {
			isa = XCBuildConfiguration;
			buildSettings = {
				ASSETCATALOG_COMPILER_APPICON_NAME = AppIcon;
				CODE_SIGN_STYLE = Automatic;
				DEVELOPMENT_TEAM = FF4F6NQNDX;
				INFOPLIST_FILE = YagomSwift5/Info.plist;
				LD_RUNPATH_SEARCH_PATHS = (
					"$(inherited)",
					"@executable_path/Frameworks",
				);
				PRODUCT_BUNDLE_IDENTIFIER = choi.Ex.YagomSwift5;
				PRODUCT_NAME = "$(TARGET_NAME)";
				SWIFT_VERSION = 5.0;
				TARGETED_DEVICE_FAMILY = "1,2";
			};
			name = Release;
		};
		DE92B80324D015A400B8A6E5 /* Debug */ = {
			isa = XCBuildConfiguration;
			buildSettings = {
				ALWAYS_EMBED_SWIFT_STANDARD_LIBRARIES = YES;
				BUNDLE_LOADER = "$(TEST_HOST)";
				CODE_SIGN_STYLE = Automatic;
				DEVELOPMENT_TEAM = FF4F6NQNDX;
				INFOPLIST_FILE = YagomSwift5Tests/Info.plist;
				IPHONEOS_DEPLOYMENT_TARGET = 13.6;
				LD_RUNPATH_SEARCH_PATHS = (
					"$(inherited)",
					"@executable_path/Frameworks",
					"@loader_path/Frameworks",
				);
				PRODUCT_BUNDLE_IDENTIFIER = choi.Ex.YagomSwift5Tests;
				PRODUCT_NAME = "$(TARGET_NAME)";
				SWIFT_VERSION = 5.0;
				TARGETED_DEVICE_FAMILY = "1,2";
				TEST_HOST = "$(BUILT_PRODUCTS_DIR)/YagomSwift5.app/YagomSwift5";
			};
			name = Debug;
		};
		DE92B80424D015A400B8A6E5 /* Release */ = {
			isa = XCBuildConfiguration;
			buildSettings = {
				ALWAYS_EMBED_SWIFT_STANDARD_LIBRARIES = YES;
				BUNDLE_LOADER = "$(TEST_HOST)";
				CODE_SIGN_STYLE = Automatic;
				DEVELOPMENT_TEAM = FF4F6NQNDX;
				INFOPLIST_FILE = YagomSwift5Tests/Info.plist;
				IPHONEOS_DEPLOYMENT_TARGET = 13.6;
				LD_RUNPATH_SEARCH_PATHS = (
					"$(inherited)",
					"@executable_path/Frameworks",
					"@loader_path/Frameworks",
				);
				PRODUCT_BUNDLE_IDENTIFIER = choi.Ex.YagomSwift5Tests;
				PRODUCT_NAME = "$(TARGET_NAME)";
				SWIFT_VERSION = 5.0;
				TARGETED_DEVICE_FAMILY = "1,2";
				TEST_HOST = "$(BUILT_PRODUCTS_DIR)/YagomSwift5.app/YagomSwift5";
			};
			name = Release;
		};
		DE92B80624D015A400B8A6E5 /* Debug */ = {
			isa = XCBuildConfiguration;
			buildSettings = {
				ALWAYS_EMBED_SWIFT_STANDARD_LIBRARIES = YES;
				CODE_SIGN_STYLE = Automatic;
				DEVELOPMENT_TEAM = FF4F6NQNDX;
				INFOPLIST_FILE = YagomSwift5UITests/Info.plist;
				LD_RUNPATH_SEARCH_PATHS = (
					"$(inherited)",
					"@executable_path/Frameworks",
					"@loader_path/Frameworks",
				);
				PRODUCT_BUNDLE_IDENTIFIER = choi.Ex.YagomSwift5UITests;
				PRODUCT_NAME = "$(TARGET_NAME)";
				SWIFT_VERSION = 5.0;
				TARGETED_DEVICE_FAMILY = "1,2";
				TEST_TARGET_NAME = YagomSwift5;
			};
			name = Debug;
		};
		DE92B80724D015A400B8A6E5 /* Release */ = {
			isa = XCBuildConfiguration;
			buildSettings = {
				ALWAYS_EMBED_SWIFT_STANDARD_LIBRARIES = YES;
				CODE_SIGN_STYLE = Automatic;
				DEVELOPMENT_TEAM = FF4F6NQNDX;
				INFOPLIST_FILE = YagomSwift5UITests/Info.plist;
				LD_RUNPATH_SEARCH_PATHS = (
					"$(inherited)",
					"@executable_path/Frameworks",
					"@loader_path/Frameworks",
				);
				PRODUCT_BUNDLE_IDENTIFIER = choi.Ex.YagomSwift5UITests;
				PRODUCT_NAME = "$(TARGET_NAME)";
				SWIFT_VERSION = 5.0;
				TARGETED_DEVICE_FAMILY = "1,2";
				TEST_TARGET_NAME = YagomSwift5;
			};
			name = Release;
		};
/* End XCBuildConfiguration section */

/* Begin XCConfigurationList section */
		DE92B7D024D0159E00B8A6E5 /* Build configuration list for PBXProject "YagomSwift5" */ = {
			isa = XCConfigurationList;
			buildConfigurations = (
				DE92B7FD24D015A400B8A6E5 /* Debug */,
				DE92B7FE24D015A400B8A6E5 /* Release */,
			);
			defaultConfigurationIsVisible = 0;
			defaultConfigurationName = Release;
		};
		DE92B7FF24D015A400B8A6E5 /* Build configuration list for PBXNativeTarget "YagomSwift5" */ = {
			isa = XCConfigurationList;
			buildConfigurations = (
				DE92B80024D015A400B8A6E5 /* Debug */,
				DE92B80124D015A400B8A6E5 /* Release */,
			);
			defaultConfigurationIsVisible = 0;
			defaultConfigurationName = Release;
		};
		DE92B80224D015A400B8A6E5 /* Build configuration list for PBXNativeTarget "YagomSwift5Tests" */ = {
			isa = XCConfigurationList;
			buildConfigurations = (
				DE92B80324D015A400B8A6E5 /* Debug */,
				DE92B80424D015A400B8A6E5 /* Release */,
			);
			defaultConfigurationIsVisible = 0;
			defaultConfigurationName = Release;
		};
		DE92B80524D015A400B8A6E5 /* Build configuration list for PBXNativeTarget "YagomSwift5UITests" */ = {
			isa = XCConfigurationList;
			buildConfigurations = (
				DE92B80624D015A400B8A6E5 /* Debug */,
				DE92B80724D015A400B8A6E5 /* Release */,
			);
			defaultConfigurationIsVisible = 0;
			defaultConfigurationName = Release;
		};
/* End XCConfigurationList section */
	};
	rootObject = DE92B7CD24D0159E00B8A6E5 /* Project object */;
}
